
Microsoft Visual Studio Solution File, Format Version 12.00
# Visual Studio Version 16
VisualStudioVersion = 16.0.29411.108
MinimumVisualStudioVersion = 10.0.40219.1
Project("{FAE04EC0-301F-11D3-BF4B-00C04F79EFBC}") = "CooKit.Android", "CooKit\CooKit.Android\CooKit.Android.csproj", "{5337DE33-7343-4F3A-A348-4FCD7C1FF0EC}"
EndProject
Project("{FAE04EC0-301F-11D3-BF4B-00C04F79EFBC}") = "CooKit", "CooKit\CooKit\CooKit.csproj", "{C06190C8-BB40-41C0-B9FD-54CA6CA5F914}"
EndProject
Global
	GlobalSection(SolutionConfigurationPlatforms) = preSolution
		Debug|Any CPU = Debug|Any CPU
		Release|Any CPU = Release|Any CPU
	EndGlobalSection
	GlobalSection(ProjectConfigurationPlatforms) = postSolution
		{5337DE33-7343-4F3A-A348-4FCD7C1FF0EC}.Debug|Any CPU.ActiveCfg = Debug|Any CPU
		{5337DE33-7343-4F3A-A348-4FCD7C1FF0EC}.Debug|Any CPU.Build.0 = Debug|Any CPU
		{5337DE33-7343-4F3A-A348-4FCD7C1FF0EC}.Debug|Any CPU.Deploy.0 = Debug|Any CPU
		{5337DE33-7343-4F3A-A348-4FCD7C1FF0EC}.Release|Any CPU.ActiveCfg = Release|Any CPU
		{5337DE33-7343-4F3A-A348-4FCD7C1FF0EC}.Release|Any CPU.Build.0 = Release|Any CPU
		{5337DE33-7343-4F3A-A348-4FCD7C1FF0EC}.Release|Any CPU.Deploy.0 = Release|Any CPU
		{C06190C8-BB40-41C0-B9FD-54CA6CA5F914}.Debug|Any CPU.ActiveCfg = Debug|Any CPU
		{C06190C8-BB40-41C0-B9FD-54CA6CA5F914}.Debug|Any CPU.Build.0 = Debug|Any CPU
		{C06190C8-BB40-41C0-B9FD-54CA6CA5F914}.Debug|Any CPU.Deploy.0 = Debug|Any CPU
		{C06190C8-BB40-41C0-B9FD-54CA6CA5F914}.Release|Any CPU.ActiveCfg = Release|Any CPU
		{C06190C8-BB40-41C0-B9FD-54CA6CA5F914}.Release|Any CPU.Build.0 = Release|Any CPU
		{C06190C8-BB40-41C0-B9FD-54CA6CA5F914}.Release|Any CPU.Deploy.0 = Release|Any CPU
	EndGlobalSection
	GlobalSection(SolutionProperties) = preSolution
		HideSolutionNode = FALSE
	EndGlobalSection
	GlobalSection(ExtensibilityGlobals) = postSolution
		SolutionGuid = {3DB5337A-3A78-417B-AAFA-48F44BE5B8F4}
	EndGlobalSection
EndGlobal
