
Microsoft Visual Studio Solution File, Format Version 12.00
# Visual Studio Version 16
VisualStudioVersion = 16.0.29926.136
MinimumVisualStudioVersion = 10.0.40219.1
Project("{FAE04EC0-301F-11D3-BF4B-00C04F79EFBC}") = "CooKit.Data", "CooKit.Data\CooKit.Data.csproj", "{10072B87-83D9-47DD-8E3E-5ED95FFECA29}"
EndProject
Project("{FAE04EC0-301F-11D3-BF4B-00C04F79EFBC}") = "CooKit.Logic", "CooKit.Logic\CooKit.Logic.csproj", "{4FF6BCC6-E45B-4332-B305-0824E4FEEAB2}"
EndProject
Project("{FAE04EC0-301F-11D3-BF4B-00C04F79EFBC}") = "CooKit.Common", "CooKit.Common\CooKit.Common.csproj", "{878CC5B9-DFE0-4810-926F-A7E276A59FF0}"
EndProject
Project("{FAE04EC0-301F-11D3-BF4B-00C04F79EFBC}") = "CooKit.Mobile.Android", "CooKit.Mobile\CooKit.Mobile.Android\CooKit.Mobile.Android.csproj", "{E4319D9A-3B07-41C6-B91E-2FC8DE27EE47}"
EndProject
Project("{FAE04EC0-301F-11D3-BF4B-00C04F79EFBC}") = "CooKit.Mobile", "CooKit.Mobile\CooKit.Mobile\CooKit.Mobile.csproj", "{FBD5CF6F-4384-4461-80B9-3CFC12AE013B}"
EndProject
Global
	GlobalSection(SolutionConfigurationPlatforms) = preSolution
		Debug|Any CPU = Debug|Any CPU
		Release|Any CPU = Release|Any CPU
	EndGlobalSection
	GlobalSection(ProjectConfigurationPlatforms) = postSolution
		{10072B87-83D9-47DD-8E3E-5ED95FFECA29}.Debug|Any CPU.ActiveCfg = Debug|Any CPU
		{10072B87-83D9-47DD-8E3E-5ED95FFECA29}.Debug|Any CPU.Build.0 = Debug|Any CPU
		{10072B87-83D9-47DD-8E3E-5ED95FFECA29}.Release|Any CPU.ActiveCfg = Release|Any CPU
		{10072B87-83D9-47DD-8E3E-5ED95FFECA29}.Release|Any CPU.Build.0 = Release|Any CPU
		{4FF6BCC6-E45B-4332-B305-0824E4FEEAB2}.Debug|Any CPU.ActiveCfg = Debug|Any CPU
		{4FF6BCC6-E45B-4332-B305-0824E4FEEAB2}.Debug|Any CPU.Build.0 = Debug|Any CPU
		{4FF6BCC6-E45B-4332-B305-0824E4FEEAB2}.Release|Any CPU.ActiveCfg = Release|Any CPU
		{4FF6BCC6-E45B-4332-B305-0824E4FEEAB2}.Release|Any CPU.Build.0 = Release|Any CPU
		{878CC5B9-DFE0-4810-926F-A7E276A59FF0}.Debug|Any CPU.ActiveCfg = Debug|Any CPU
		{878CC5B9-DFE0-4810-926F-A7E276A59FF0}.Debug|Any CPU.Build.0 = Debug|Any CPU
		{878CC5B9-DFE0-4810-926F-A7E276A59FF0}.Release|Any CPU.ActiveCfg = Release|Any CPU
		{878CC5B9-DFE0-4810-926F-A7E276A59FF0}.Release|Any CPU.Build.0 = Release|Any CPU
		{E4319D9A-3B07-41C6-B91E-2FC8DE27EE47}.Debug|Any CPU.ActiveCfg = Debug|Any CPU
		{E4319D9A-3B07-41C6-B91E-2FC8DE27EE47}.Debug|Any CPU.Build.0 = Debug|Any CPU
		{E4319D9A-3B07-41C6-B91E-2FC8DE27EE47}.Debug|Any CPU.Deploy.0 = Debug|Any CPU
		{E4319D9A-3B07-41C6-B91E-2FC8DE27EE47}.Release|Any CPU.ActiveCfg = Release|Any CPU
		{E4319D9A-3B07-41C6-B91E-2FC8DE27EE47}.Release|Any CPU.Build.0 = Release|Any CPU
		{E4319D9A-3B07-41C6-B91E-2FC8DE27EE47}.Release|Any CPU.Deploy.0 = Release|Any CPU
		{FBD5CF6F-4384-4461-80B9-3CFC12AE013B}.Debug|Any CPU.ActiveCfg = Debug|Any CPU
		{FBD5CF6F-4384-4461-80B9-3CFC12AE013B}.Debug|Any CPU.Build.0 = Debug|Any CPU
		{FBD5CF6F-4384-4461-80B9-3CFC12AE013B}.Release|Any CPU.ActiveCfg = Release|Any CPU
		{FBD5CF6F-4384-4461-80B9-3CFC12AE013B}.Release|Any CPU.Build.0 = Release|Any CPU
	EndGlobalSection
	GlobalSection(SolutionProperties) = preSolution
		HideSolutionNode = FALSE
	EndGlobalSection
	GlobalSection(ExtensibilityGlobals) = postSolution
		SolutionGuid = {40DEED28-42F2-4408-94E2-37E495329EE2}
	EndGlobalSection
EndGlobal
